
Microsoft Visual Studio Solution File, Format Version 12.00
# Visual Studio Version 16
VisualStudioVersion = 16.0.30907.101
MinimumVisualStudioVersion = 10.0.40219.1
Project("{9A19103F-16F7-4668-BE54-9A1E7A4F7556}") = "SpeechToTextFromMic", "listening\microphone\SpeechToTextFromMic.csproj", "{A49FB7BB-0653-43B9-AF4F-4DAB77B09D4A}"
EndProject
Project("{9A19103F-16F7-4668-BE54-9A1E7A4F7556}") = "TextTranslate", "translating\TextTranslate.csproj", "{B06EA2A3-0CDD-4BBB-9D3B-9FE93B407CDD}"
EndProject
Project("{9A19103F-16F7-4668-BE54-9A1E7A4F7556}") = "SingleSTTT", "demos\single-speech-to-translated-text\SingleSTTT.csproj", "{068B4FD3-4709-4532-ABEC-61EB3FCD29B0}"
EndProject
Project("{9A19103F-16F7-4668-BE54-9A1E7A4F7556}") = "SpeechToTextFromInMemoryStream", "listening\inmemorystream\SpeechToTextFromInMemoryStream.csproj", "{B3334E60-7D43-4FCB-8565-03DC076927AE}"
EndProject
Project("{2150E333-8FDC-42A3-9474-1A3956D46DE8}") = "demos", "demos", "{A18705B9-F9F6-4304-AAC9-2FF16686DA71}"
EndProject
Global
	GlobalSection(SolutionConfigurationPlatforms) = preSolution
		Debug|Any CPU = Debug|Any CPU
		Release|Any CPU = Release|Any CPU
	EndGlobalSection
	GlobalSection(ProjectConfigurationPlatforms) = postSolution
		{A49FB7BB-0653-43B9-AF4F-4DAB77B09D4A}.Debug|Any CPU.ActiveCfg = Debug|Any CPU
		{A49FB7BB-0653-43B9-AF4F-4DAB77B09D4A}.Debug|Any CPU.Build.0 = Debug|Any CPU
		{A49FB7BB-0653-43B9-AF4F-4DAB77B09D4A}.Release|Any CPU.ActiveCfg = Release|Any CPU
		{A49FB7BB-0653-43B9-AF4F-4DAB77B09D4A}.Release|Any CPU.Build.0 = Release|Any CPU
		{B06EA2A3-0CDD-4BBB-9D3B-9FE93B407CDD}.Debug|Any CPU.ActiveCfg = Debug|Any CPU
		{B06EA2A3-0CDD-4BBB-9D3B-9FE93B407CDD}.Debug|Any CPU.Build.0 = Debug|Any CPU
		{B06EA2A3-0CDD-4BBB-9D3B-9FE93B407CDD}.Release|Any CPU.ActiveCfg = Release|Any CPU
		{B06EA2A3-0CDD-4BBB-9D3B-9FE93B407CDD}.Release|Any CPU.Build.0 = Release|Any CPU
		{068B4FD3-4709-4532-ABEC-61EB3FCD29B0}.Debug|Any CPU.ActiveCfg = Debug|Any CPU
		{068B4FD3-4709-4532-ABEC-61EB3FCD29B0}.Debug|Any CPU.Build.0 = Debug|Any CPU
		{068B4FD3-4709-4532-ABEC-61EB3FCD29B0}.Release|Any CPU.ActiveCfg = Release|Any CPU
		{068B4FD3-4709-4532-ABEC-61EB3FCD29B0}.Release|Any CPU.Build.0 = Release|Any CPU
		{B3334E60-7D43-4FCB-8565-03DC076927AE}.Debug|Any CPU.ActiveCfg = Debug|Any CPU
		{B3334E60-7D43-4FCB-8565-03DC076927AE}.Debug|Any CPU.Build.0 = Debug|Any CPU
		{B3334E60-7D43-4FCB-8565-03DC076927AE}.Release|Any CPU.ActiveCfg = Release|Any CPU
		{B3334E60-7D43-4FCB-8565-03DC076927AE}.Release|Any CPU.Build.0 = Release|Any CPU
	EndGlobalSection
	GlobalSection(SolutionProperties) = preSolution
		HideSolutionNode = FALSE
	EndGlobalSection
	GlobalSection(NestedProjects) = preSolution
		{068B4FD3-4709-4532-ABEC-61EB3FCD29B0} = {A18705B9-F9F6-4304-AAC9-2FF16686DA71}
	EndGlobalSection
	GlobalSection(ExtensibilityGlobals) = postSolution
		SolutionGuid = {F5C4C36C-6E9A-42E5-896D-4B732E01D7FF}
	EndGlobalSection
EndGlobal
